// !$*UTF8*$!
{
	archiveVersion = 1;
	classes = {
	};
	objectVersion = 56;
	objects = {

/* Begin PBXBuildFile section */
		FA55195D2B687D2A00CE86BA /* AppStore_DemoApp.swift in Sources */ = {isa = PBXBuildFile; fileRef = FA55195C2B687D2A00CE86BA /* AppStore_DemoApp.swift */; };
		FA55195F2B687D2A00CE86BA /* ContentView.swift in Sources */ = {isa = PBXBuildFile; fileRef = FA55195E2B687D2A00CE86BA /* ContentView.swift */; };
		FA5519632B687D2B00CE86BA /* Assets.xcassets in Resources */ = {isa = PBXBuildFile; fileRef = FA5519622B687D2B00CE86BA /* Assets.xcassets */; };
		FA5519672B687D2B00CE86BA /* Preview Assets.xcassets in Resources */ = {isa = PBXBuildFile; fileRef = FA5519662B687D2B00CE86BA /* Preview Assets.xcassets */; };
		FA5519712B687D2B00CE86BA /* AppStore_DemoTests.swift in Sources */ = {isa = PBXBuildFile; fileRef = FA5519702B687D2B00CE86BA /* AppStore_DemoTests.swift */; };
		FA55197B2B687D2B00CE86BA /* AppStore_DemoUITests.swift in Sources */ = {isa = PBXBuildFile; fileRef = FA55197A2B687D2B00CE86BA /* AppStore_DemoUITests.swift */; };
		FA55197D2B687D2B00CE86BA /* AppStore_DemoUITestsLaunchTests.swift in Sources */ = {isa = PBXBuildFile; fileRef = FA55197C2B687D2B00CE86BA /* AppStore_DemoUITestsLaunchTests.swift */; };
		FA55198A2B68807700CE86BA /* Constants.swift in Sources */ = {isa = PBXBuildFile; fileRef = FA5519892B68807700CE86BA /* Constants.swift */; };
		FA55198D2B68814F00CE86BA /* TabBarView.swift in Sources */ = {isa = PBXBuildFile; fileRef = FA55198C2B68814F00CE86BA /* TabBarView.swift */; };
		FA5519922B68829600CE86BA /* TodayView.swift in Sources */ = {isa = PBXBuildFile; fileRef = FA5519912B68829600CE86BA /* TodayView.swift */; };
		FA5519982B6886CE00CE86BA /* AppsView.swift in Sources */ = {isa = PBXBuildFile; fileRef = FA5519972B6886CE00CE86BA /* AppsView.swift */; };
		FA55199B2B6888C500CE86BA /* UserDefault.swift in Sources */ = {isa = PBXBuildFile; fileRef = FA55199A2B6888C500CE86BA /* UserDefault.swift */; };
		FA55199E2B6888FD00CE86BA /* UserSettings.swift in Sources */ = {isa = PBXBuildFile; fileRef = FA55199D2B6888FD00CE86BA /* UserSettings.swift */; };
		FA5519A12B6889D900CE86BA /* OnboardingView.swift in Sources */ = {isa = PBXBuildFile; fileRef = FA5519A02B6889D900CE86BA /* OnboardingView.swift */; };
/* End PBXBuildFile section */

/* Begin PBXContainerItemProxy section */
		FA55196D2B687D2B00CE86BA /* PBXContainerItemProxy */ = {
			isa = PBXContainerItemProxy;
			containerPortal = FA5519512B687D2A00CE86BA /* Project object */;
			proxyType = 1;
			remoteGlobalIDString = FA5519582B687D2A00CE86BA;
			remoteInfo = "AppStore-Demo";
		};
		FA5519772B687D2B00CE86BA /* PBXContainerItemProxy */ = {
			isa = PBXContainerItemProxy;
			containerPortal = FA5519512B687D2A00CE86BA /* Project object */;
			proxyType = 1;
			remoteGlobalIDString = FA5519582B687D2A00CE86BA;
			remoteInfo = "AppStore-Demo";
		};
/* End PBXContainerItemProxy section */

/* Begin PBXFileReference section */
		FA5519592B687D2A00CE86BA /* AppStore-Demo.app */ = {isa = PBXFileReference; explicitFileType = wrapper.application; includeInIndex = 0; path = "AppStore-Demo.app"; sourceTree = BUILT_PRODUCTS_DIR; };
		FA55195C2B687D2A00CE86BA /* AppStore_DemoApp.swift */ = {isa = PBXFileReference; lastKnownFileType = sourcecode.swift; path = AppStore_DemoApp.swift; sourceTree = "<group>"; };
		FA55195E2B687D2A00CE86BA /* ContentView.swift */ = {isa = PBXFileReference; lastKnownFileType = sourcecode.swift; path = ContentView.swift; sourceTree = "<group>"; };
		FA5519622B687D2B00CE86BA /* Assets.xcassets */ = {isa = PBXFileReference; lastKnownFileType = folder.assetcatalog; path = Assets.xcassets; sourceTree = "<group>"; };
		FA5519642B687D2B00CE86BA /* AppStore_Demo.entitlements */ = {isa = PBXFileReference; lastKnownFileType = text.plist.entitlements; path = AppStore_Demo.entitlements; sourceTree = "<group>"; };
		FA5519662B687D2B00CE86BA /* Preview Assets.xcassets */ = {isa = PBXFileReference; lastKnownFileType = folder.assetcatalog; path = "Preview Assets.xcassets"; sourceTree = "<group>"; };
		FA55196C2B687D2B00CE86BA /* AppStore-DemoTests.xctest */ = {isa = PBXFileReference; explicitFileType = wrapper.cfbundle; includeInIndex = 0; path = "AppStore-DemoTests.xctest"; sourceTree = BUILT_PRODUCTS_DIR; };
		FA5519702B687D2B00CE86BA /* AppStore_DemoTests.swift */ = {isa = PBXFileReference; lastKnownFileType = sourcecode.swift; path = AppStore_DemoTests.swift; sourceTree = "<group>"; };
		FA5519762B687D2B00CE86BA /* AppStore-DemoUITests.xctest */ = {isa = PBXFileReference; explicitFileType = wrapper.cfbundle; includeInIndex = 0; path = "AppStore-DemoUITests.xctest"; sourceTree = BUILT_PRODUCTS_DIR; };
		FA55197A2B687D2B00CE86BA /* AppStore_DemoUITests.swift */ = {isa = PBXFileReference; lastKnownFileType = sourcecode.swift; path = AppStore_DemoUITests.swift; sourceTree = "<group>"; };
		FA55197C2B687D2B00CE86BA /* AppStore_DemoUITestsLaunchTests.swift */ = {isa = PBXFileReference; lastKnownFileType = sourcecode.swift; path = AppStore_DemoUITestsLaunchTests.swift; sourceTree = "<group>"; };
		FA5519892B68807700CE86BA /* Constants.swift */ = {isa = PBXFileReference; lastKnownFileType = sourcecode.swift; path = Constants.swift; sourceTree = "<group>"; };
		FA55198C2B68814F00CE86BA /* TabBarView.swift */ = {isa = PBXFileReference; lastKnownFileType = sourcecode.swift; path = TabBarView.swift; sourceTree = "<group>"; };
		FA5519912B68829600CE86BA /* TodayView.swift */ = {isa = PBXFileReference; lastKnownFileType = sourcecode.swift; path = TodayView.swift; sourceTree = "<group>"; };
		FA5519972B6886CE00CE86BA /* AppsView.swift */ = {isa = PBXFileReference; lastKnownFileType = sourcecode.swift; path = AppsView.swift; sourceTree = "<group>"; };
		FA55199A2B6888C500CE86BA /* UserDefault.swift */ = {isa = PBXFileReference; lastKnownFileType = sourcecode.swift; path = UserDefault.swift; sourceTree = "<group>"; };
		FA55199D2B6888FD00CE86BA /* UserSettings.swift */ = {isa = PBXFileReference; lastKnownFileType = sourcecode.swift; path = UserSettings.swift; sourceTree = "<group>"; };
		FA5519A02B6889D900CE86BA /* OnboardingView.swift */ = {isa = PBXFileReference; lastKnownFileType = sourcecode.swift; path = OnboardingView.swift; sourceTree = "<group>"; };
/* End PBXFileReference section */

/* Begin PBXFrameworksBuildPhase section */
		FA5519562B687D2A00CE86BA /* Frameworks */ = {
			isa = PBXFrameworksBuildPhase;
			buildActionMask = 2147483647;
			files = (
			);
			runOnlyForDeploymentPostprocessing = 0;
		};
		FA5519692B687D2B00CE86BA /* Frameworks */ = {
			isa = PBXFrameworksBuildPhase;
			buildActionMask = 2147483647;
			files = (
			);
			runOnlyForDeploymentPostprocessing = 0;
		};
		FA5519732B687D2B00CE86BA /* Frameworks */ = {
			isa = PBXFrameworksBuildPhase;
			buildActionMask = 2147483647;
			files = (
			);
			runOnlyForDeploymentPostprocessing = 0;
		};
/* End PBXFrameworksBuildPhase section */

/* Begin PBXGroup section */
		FA26538E2BB0467700395891 /* Reusable */ = {
			isa = PBXGroup;
			children = (
				FA26538F2BB0468D00395891 /* Views */,
			);
			path = Reusable;
			sourceTree = "<group>";
		};
		FA26538F2BB0468D00395891 /* Views */ = {
			isa = PBXGroup;
			children = (
			);
			path = Views;
			sourceTree = "<group>";
		};
		FA5519502B687D2A00CE86BA = {
			isa = PBXGroup;
			children = (
				FA55195B2B687D2A00CE86BA /* AppStore-Demo */,
				FA55196F2B687D2B00CE86BA /* AppStore-DemoTests */,
				FA5519792B687D2B00CE86BA /* AppStore-DemoUITests */,
				FA55195A2B687D2A00CE86BA /* Products */,
			);
			sourceTree = "<group>";
		};
		FA55195A2B687D2A00CE86BA /* Products */ = {
			isa = PBXGroup;
			children = (
				FA5519592B687D2A00CE86BA /* AppStore-Demo.app */,
				FA55196C2B687D2B00CE86BA /* AppStore-DemoTests.xctest */,
				FA5519762B687D2B00CE86BA /* AppStore-DemoUITests.xctest */,
			);
			name = Products;
			sourceTree = "<group>";
		};
		FA55195B2B687D2A00CE86BA /* AppStore-Demo */ = {
			isa = PBXGroup;
			children = (
				FA55195C2B687D2A00CE86BA /* AppStore_DemoApp.swift */,
				FA55199C2B6888EA00CE86BA /* Application */,
				FA55198B2B68812800CE86BA /* Presentation */,
				FA26538E2BB0467700395891 /* Reusable */,
				FA5519992B68889600CE86BA /* Utility */,
				FA5519622B687D2B00CE86BA /* Assets.xcassets */,
				FA5519642B687D2B00CE86BA /* AppStore_Demo.entitlements */,
				FA5519652B687D2B00CE86BA /* Preview Content */,
			);
			path = "AppStore-Demo";
			sourceTree = "<group>";
		};
		FA5519652B687D2B00CE86BA /* Preview Content */ = {
			isa = PBXGroup;
			children = (
				FA5519662B687D2B00CE86BA /* Preview Assets.xcassets */,
			);
			path = "Preview Content";
			sourceTree = "<group>";
		};
		FA55196F2B687D2B00CE86BA /* AppStore-DemoTests */ = {
			isa = PBXGroup;
			children = (
				FA5519702B687D2B00CE86BA /* AppStore_DemoTests.swift */,
			);
			path = "AppStore-DemoTests";
			sourceTree = "<group>";
		};
		FA5519792B687D2B00CE86BA /* AppStore-DemoUITests */ = {
			isa = PBXGroup;
			children = (
				FA55197A2B687D2B00CE86BA /* AppStore_DemoUITests.swift */,
				FA55197C2B687D2B00CE86BA /* AppStore_DemoUITestsLaunchTests.swift */,
			);
			path = "AppStore-DemoUITests";
			sourceTree = "<group>";
		};
		FA55198B2B68812800CE86BA /* Presentation */ = {
			isa = PBXGroup;
			children = (
				FA5519902B68827A00CE86BA /* 0. ContentView */,
				FA55198F2B68825F00CE86BA /* 1. TabBar */,
				FA55198E2B68825200CE86BA /* 2. Today */,
				FA5519932B68868800CE86BA /* 3. Games */,
				FA5519942B68869D00CE86BA /* 4. Apps */,
				FA5519952B6886A900CE86BA /* 5. Arcade */,
				FA5519962B6886B400CE86BA /* 6. Search */,
				FA55199F2B6889CB00CE86BA /* 7. Onboarding */,
			);
			path = Presentation;
			sourceTree = "<group>";
		};
		FA55198E2B68825200CE86BA /* 2. Today */ = {
			isa = PBXGroup;
			children = (
				FA5519912B68829600CE86BA /* TodayView.swift */,
			);
			path = "2. Today";
			sourceTree = "<group>";
		};
		FA55198F2B68825F00CE86BA /* 1. TabBar */ = {
			isa = PBXGroup;
			children = (
				FA55198C2B68814F00CE86BA /* TabBarView.swift */,
			);
			path = "1. TabBar";
			sourceTree = "<group>";
		};
		FA5519902B68827A00CE86BA /* 0. ContentView */ = {
			isa = PBXGroup;
			children = (
				FA55195E2B687D2A00CE86BA /* ContentView.swift */,
			);
			path = "0. ContentView";
			sourceTree = "<group>";
		};
		FA5519932B68868800CE86BA /* 3. Games */ = {
			isa = PBXGroup;
			children = (
			);
			path = "3. Games";
			sourceTree = "<group>";
		};
		FA5519942B68869D00CE86BA /* 4. Apps */ = {
			isa = PBXGroup;
			children = (
				FA5519972B6886CE00CE86BA /* AppsView.swift */,
			);
			path = "4. Apps";
			sourceTree = "<group>";
		};
		FA5519952B6886A900CE86BA /* 5. Arcade */ = {
			isa = PBXGroup;
			children = (
			);
			path = "5. Arcade";
			sourceTree = "<group>";
		};
		FA5519962B6886B400CE86BA /* 6. Search */ = {
			isa = PBXGroup;
			children = (
			);
			path = "6. Search";
			sourceTree = "<group>";
		};
		FA5519992B68889600CE86BA /* Utility */ = {
			isa = PBXGroup;
			children = (
				FA55199A2B6888C500CE86BA /* UserDefault.swift */,
			);
			path = Utility;
			sourceTree = "<group>";
		};
		FA55199C2B6888EA00CE86BA /* Application */ = {
			isa = PBXGroup;
			children = (
				FA5519892B68807700CE86BA /* Constants.swift */,
				FA55199D2B6888FD00CE86BA /* UserSettings.swift */,
			);
			path = Application;
			sourceTree = "<group>";
		};
		FA55199F2B6889CB00CE86BA /* 7. Onboarding */ = {
			isa = PBXGroup;
			children = (
				FA5519A02B6889D900CE86BA /* OnboardingView.swift */,
			);
			path = "7. Onboarding";
			sourceTree = "<group>";
		};
/* End PBXGroup section */

/* Begin PBXNativeTarget section */
		FA5519582B687D2A00CE86BA /* AppStore-Demo */ = {
			isa = PBXNativeTarget;
			buildConfigurationList = FA5519802B687D2B00CE86BA /* Build configuration list for PBXNativeTarget "AppStore-Demo" */;
			buildPhases = (
				FA5519552B687D2A00CE86BA /* Sources */,
				FA5519562B687D2A00CE86BA /* Frameworks */,
				FA5519572B687D2A00CE86BA /* Resources */,
			);
			buildRules = (
			);
			dependencies = (
			);
			name = "AppStore-Demo";
			productName = "AppStore-Demo";
			productReference = FA5519592B687D2A00CE86BA /* AppStore-Demo.app */;
			productType = "com.apple.product-type.application";
		};
		FA55196B2B687D2B00CE86BA /* AppStore-DemoTests */ = {
			isa = PBXNativeTarget;
			buildConfigurationList = FA5519832B687D2B00CE86BA /* Build configuration list for PBXNativeTarget "AppStore-DemoTests" */;
			buildPhases = (
				FA5519682B687D2B00CE86BA /* Sources */,
				FA5519692B687D2B00CE86BA /* Frameworks */,
				FA55196A2B687D2B00CE86BA /* Resources */,
			);
			buildRules = (
			);
			dependencies = (
				FA55196E2B687D2B00CE86BA /* PBXTargetDependency */,
			);
			name = "AppStore-DemoTests";
			productName = "AppStore-DemoTests";
			productReference = FA55196C2B687D2B00CE86BA /* AppStore-DemoTests.xctest */;
			productType = "com.apple.product-type.bundle.unit-test";
		};
		FA5519752B687D2B00CE86BA /* AppStore-DemoUITests */ = {
			isa = PBXNativeTarget;
			buildConfigurationList = FA5519862B687D2B00CE86BA /* Build configuration list for PBXNativeTarget "AppStore-DemoUITests" */;
			buildPhases = (
				FA5519722B687D2B00CE86BA /* Sources */,
				FA5519732B687D2B00CE86BA /* Frameworks */,
				FA5519742B687D2B00CE86BA /* Resources */,
			);
			buildRules = (
			);
			dependencies = (
				FA5519782B687D2B00CE86BA /* PBXTargetDependency */,
			);
			name = "AppStore-DemoUITests";
			productName = "AppStore-DemoUITests";
			productReference = FA5519762B687D2B00CE86BA /* AppStore-DemoUITests.xctest */;
			productType = "com.apple.product-type.bundle.ui-testing";
		};
/* End PBXNativeTarget section */

/* Begin PBXProject section */
		FA5519512B687D2A00CE86BA /* Project object */ = {
			isa = PBXProject;
			attributes = {
				BuildIndependentTargetsInParallel = 1;
				LastSwiftUpdateCheck = 1520;
				LastUpgradeCheck = 1520;
				TargetAttributes = {
					FA5519582B687D2A00CE86BA = {
						CreatedOnToolsVersion = 15.2;
					};
					FA55196B2B687D2B00CE86BA = {
						CreatedOnToolsVersion = 15.2;
						TestTargetID = FA5519582B687D2A00CE86BA;
					};
					FA5519752B687D2B00CE86BA = {
						CreatedOnToolsVersion = 15.2;
						TestTargetID = FA5519582B687D2A00CE86BA;
					};
				};
			};
			buildConfigurationList = FA5519542B687D2A00CE86BA /* Build configuration list for PBXProject "AppStore-Demo" */;
			compatibilityVersion = "Xcode 14.0";
			developmentRegion = en;
			hasScannedForEncodings = 0;
			knownRegions = (
				en,
				Base,
			);
			mainGroup = FA5519502B687D2A00CE86BA;
			productRefGroup = FA55195A2B687D2A00CE86BA /* Products */;
			projectDirPath = "";
			projectRoot = "";
			targets = (
				FA5519582B687D2A00CE86BA /* AppStore-Demo */,
				FA55196B2B687D2B00CE86BA /* AppStore-DemoTests */,
				FA5519752B687D2B00CE86BA /* AppStore-DemoUITests */,
			);
		};
/* End PBXProject section */

/* Begin PBXResourcesBuildPhase section */
		FA5519572B687D2A00CE86BA /* Resources */ = {
			isa = PBXResourcesBuildPhase;
			buildActionMask = 2147483647;
			files = (
				FA5519672B687D2B00CE86BA /* Preview Assets.xcassets in Resources */,
				FA5519632B687D2B00CE86BA /* Assets.xcassets in Resources */,
			);
			runOnlyForDeploymentPostprocessing = 0;
		};
		FA55196A2B687D2B00CE86BA /* Resources */ = {
			isa = PBXResourcesBuildPhase;
			buildActionMask = 2147483647;
			files = (
			);
			runOnlyForDeploymentPostprocessing = 0;
		};
		FA5519742B687D2B00CE86BA /* Resources */ = {
			isa = PBXResourcesBuildPhase;
			buildActionMask = 2147483647;
			files = (
			);
			runOnlyForDeploymentPostprocessing = 0;
		};
/* End PBXResourcesBuildPhase section */

/* Begin PBXSourcesBuildPhase section */
		FA5519552B687D2A00CE86BA /* Sources */ = {
			isa = PBXSourcesBuildPhase;
			buildActionMask = 2147483647;
			files = (
				FA55195F2B687D2A00CE86BA /* ContentView.swift in Sources */,
				FA55199B2B6888C500CE86BA /* UserDefault.swift in Sources */,
				FA55195D2B687D2A00CE86BA /* AppStore_DemoApp.swift in Sources */,
				FA5519A12B6889D900CE86BA /* OnboardingView.swift in Sources */,
				FA55198D2B68814F00CE86BA /* TabBarView.swift in Sources */,
				FA5519922B68829600CE86BA /* TodayView.swift in Sources */,
				FA55199E2B6888FD00CE86BA /* UserSettings.swift in Sources */,
				FA5519982B6886CE00CE86BA /* AppsView.swift in Sources */,
				FA55198A2B68807700CE86BA /* Constants.swift in Sources */,
			);
			runOnlyForDeploymentPostprocessing = 0;
		};
		FA5519682B687D2B00CE86BA /* Sources */ = {
			isa = PBXSourcesBuildPhase;
			buildActionMask = 2147483647;
			files = (
				FA5519712B687D2B00CE86BA /* AppStore_DemoTests.swift in Sources */,
			);
			runOnlyForDeploymentPostprocessing = 0;
		};
		FA5519722B687D2B00CE86BA /* Sources */ = {
			isa = PBXSourcesBuildPhase;
			buildActionMask = 2147483647;
			files = (
				FA55197B2B687D2B00CE86BA /* AppStore_DemoUITests.swift in Sources */,
				FA55197D2B687D2B00CE86BA /* AppStore_DemoUITestsLaunchTests.swift in Sources */,
			);
			runOnlyForDeploymentPostprocessing = 0;
		};
/* End PBXSourcesBuildPhase section */

/* Begin PBXTargetDependency section */
		FA55196E2B687D2B00CE86BA /* PBXTargetDependency */ = {
			isa = PBXTargetDependency;
			target = FA5519582B687D2A00CE86BA /* AppStore-Demo */;
			targetProxy = FA55196D2B687D2B00CE86BA /* PBXContainerItemProxy */;
		};
		FA5519782B687D2B00CE86BA /* PBXTargetDependency */ = {
			isa = PBXTargetDependency;
			target = FA5519582B687D2A00CE86BA /* AppStore-Demo */;
			targetProxy = FA5519772B687D2B00CE86BA /* PBXContainerItemProxy */;
		};
/* End PBXTargetDependency section */

/* Begin XCBuildConfiguration section */
		FA55197E2B687D2B00CE86BA /* Debug */ = {
			isa = XCBuildConfiguration;
			buildSettings = {
				ALWAYS_SEARCH_USER_PATHS = NO;
				ASSETCATALOG_COMPILER_GENERATE_SWIFT_ASSET_SYMBOL_EXTENSIONS = YES;
				CLANG_ANALYZER_NONNULL = YES;
				CLANG_ANALYZER_NUMBER_OBJECT_CONVERSION = YES_AGGRESSIVE;
				CLANG_CXX_LANGUAGE_STANDARD = "gnu++20";
				CLANG_ENABLE_MODULES = YES;
				CLANG_ENABLE_OBJC_ARC = YES;
				CLANG_ENABLE_OBJC_WEAK = YES;
				CLANG_WARN_BLOCK_CAPTURE_AUTORELEASING = YES;
				CLANG_WARN_BOOL_CONVERSION = YES;
				CLANG_WARN_COMMA = YES;
				CLANG_WARN_CONSTANT_CONVERSION = YES;
				CLANG_WARN_DEPRECATED_OBJC_IMPLEMENTATIONS = YES;
				CLANG_WARN_DIRECT_OBJC_ISA_USAGE = YES_ERROR;
				CLANG_WARN_DOCUMENTATION_COMMENTS = YES;
				CLANG_WARN_EMPTY_BODY = YES;
				CLANG_WARN_ENUM_CONVERSION = YES;
				CLANG_WARN_INFINITE_RECURSION = YES;
				CLANG_WARN_INT_CONVERSION = YES;
				CLANG_WARN_NON_LITERAL_NULL_CONVERSION = YES;
				CLANG_WARN_OBJC_IMPLICIT_RETAIN_SELF = YES;
				CLANG_WARN_OBJC_LITERAL_CONVERSION = YES;
				CLANG_WARN_OBJC_ROOT_CLASS = YES_ERROR;
				CLANG_WARN_QUOTED_INCLUDE_IN_FRAMEWORK_HEADER = YES;
				CLANG_WARN_RANGE_LOOP_ANALYSIS = YES;
				CLANG_WARN_STRICT_PROTOTYPES = YES;
				CLANG_WARN_SUSPICIOUS_MOVE = YES;
				CLANG_WARN_UNGUARDED_AVAILABILITY = YES_AGGRESSIVE;
				CLANG_WARN_UNREACHABLE_CODE = YES;
				CLANG_WARN__DUPLICATE_METHOD_MATCH = YES;
				COPY_PHASE_STRIP = NO;
				DEBUG_INFORMATION_FORMAT = dwarf;
				ENABLE_STRICT_OBJC_MSGSEND = YES;
				ENABLE_TESTABILITY = YES;
				ENABLE_USER_SCRIPT_SANDBOXING = YES;
				GCC_C_LANGUAGE_STANDARD = gnu17;
				GCC_DYNAMIC_NO_PIC = NO;
				GCC_NO_COMMON_BLOCKS = YES;
				GCC_OPTIMIZATION_LEVEL = 0;
				GCC_PREPROCESSOR_DEFINITIONS = (
					"DEBUG=1",
					"$(inherited)",
				);
				GCC_WARN_64_TO_32_BIT_CONVERSION = YES;
				GCC_WARN_ABOUT_RETURN_TYPE = YES_ERROR;
				GCC_WARN_UNDECLARED_SELECTOR = YES;
				GCC_WARN_UNINITIALIZED_AUTOS = YES_AGGRESSIVE;
				GCC_WARN_UNUSED_FUNCTION = YES;
				GCC_WARN_UNUSED_VARIABLE = YES;
				LOCALIZATION_PREFERS_STRING_CATALOGS = YES;
				MTL_ENABLE_DEBUG_INFO = INCLUDE_SOURCE;
				MTL_FAST_MATH = YES;
				ONLY_ACTIVE_ARCH = YES;
				SWIFT_ACTIVE_COMPILATION_CONDITIONS = "DEBUG $(inherited)";
				SWIFT_OPTIMIZATION_LEVEL = "-Onone";
			};
			name = Debug;
		};
		FA55197F2B687D2B00CE86BA /* Release */ = {
			isa = XCBuildConfiguration;
			buildSettings = {
				ALWAYS_SEARCH_USER_PATHS = NO;
				ASSETCATALOG_COMPILER_GENERATE_SWIFT_ASSET_SYMBOL_EXTENSIONS = YES;
				CLANG_ANALYZER_NONNULL = YES;
				CLANG_ANALYZER_NUMBER_OBJECT_CONVERSION = YES_AGGRESSIVE;
				CLANG_CXX_LANGUAGE_STANDARD = "gnu++20";
				CLANG_ENABLE_MODULES = YES;
				CLANG_ENABLE_OBJC_ARC = YES;
				CLANG_ENABLE_OBJC_WEAK = YES;
				CLANG_WARN_BLOCK_CAPTURE_AUTORELEASING = YES;
				CLANG_WARN_BOOL_CONVERSION = YES;
				CLANG_WARN_COMMA = YES;
				CLANG_WARN_CONSTANT_CONVERSION = YES;
				CLANG_WARN_DEPRECATED_OBJC_IMPLEMENTATIONS = YES;
				CLANG_WARN_DIRECT_OBJC_ISA_USAGE = YES_ERROR;
				CLANG_WARN_DOCUMENTATION_COMMENTS = YES;
				CLANG_WARN_EMPTY_BODY = YES;
				CLANG_WARN_ENUM_CONVERSION = YES;
				CLANG_WARN_INFINITE_RECURSION = YES;
				CLANG_WARN_INT_CONVERSION = YES;
				CLANG_WARN_NON_LITERAL_NULL_CONVERSION = YES;
				CLANG_WARN_OBJC_IMPLICIT_RETAIN_SELF = YES;
				CLANG_WARN_OBJC_LITERAL_CONVERSION = YES;
				CLANG_WARN_OBJC_ROOT_CLASS = YES_ERROR;
				CLANG_WARN_QUOTED_INCLUDE_IN_FRAMEWORK_HEADER = YES;
				CLANG_WARN_RANGE_LOOP_ANALYSIS = YES;
				CLANG_WARN_STRICT_PROTOTYPES = YES;
				CLANG_WARN_SUSPICIOUS_MOVE = YES;
				CLANG_WARN_UNGUARDED_AVAILABILITY = YES_AGGRESSIVE;
				CLANG_WARN_UNREACHABLE_CODE = YES;
				CLANG_WARN__DUPLICATE_METHOD_MATCH = YES;
				COPY_PHASE_STRIP = NO;
				DEBUG_INFORMATION_FORMAT = "dwarf-with-dsym";
				ENABLE_NS_ASSERTIONS = NO;
				ENABLE_STRICT_OBJC_MSGSEND = YES;
				ENABLE_USER_SCRIPT_SANDBOXING = YES;
				GCC_C_LANGUAGE_STANDARD = gnu17;
				GCC_NO_COMMON_BLOCKS = YES;
				GCC_WARN_64_TO_32_BIT_CONVERSION = YES;
				GCC_WARN_ABOUT_RETURN_TYPE = YES_ERROR;
				GCC_WARN_UNDECLARED_SELECTOR = YES;
				GCC_WARN_UNINITIALIZED_AUTOS = YES_AGGRESSIVE;
				GCC_WARN_UNUSED_FUNCTION = YES;
				GCC_WARN_UNUSED_VARIABLE = YES;
				LOCALIZATION_PREFERS_STRING_CATALOGS = YES;
				MTL_ENABLE_DEBUG_INFO = NO;
				MTL_FAST_MATH = YES;
				SWIFT_COMPILATION_MODE = wholemodule;
			};
			name = Release;
		};
		FA5519812B687D2B00CE86BA /* Debug */ = {
			isa = XCBuildConfiguration;
			buildSettings = {
				ASSETCATALOG_COMPILER_APPICON_NAME = AppIcon;
				ASSETCATALOG_COMPILER_GLOBAL_ACCENT_COLOR_NAME = AccentColor;
				CODE_SIGN_ENTITLEMENTS = "AppStore-Demo/AppStore_Demo.entitlements";
				CODE_SIGN_STYLE = Automatic;
				CURRENT_PROJECT_VERSION = 1;
				DEVELOPMENT_ASSET_PATHS = "\"AppStore-Demo/Preview Content\"";
				ENABLE_PREVIEWS = YES;
				GENERATE_INFOPLIST_FILE = YES;
				"INFOPLIST_KEY_UIApplicationSceneManifest_Generation[sdk=iphoneos*]" = YES;
				"INFOPLIST_KEY_UIApplicationSceneManifest_Generation[sdk=iphonesimulator*]" = YES;
				"INFOPLIST_KEY_UIApplicationSupportsIndirectInputEvents[sdk=iphoneos*]" = YES;
				"INFOPLIST_KEY_UIApplicationSupportsIndirectInputEvents[sdk=iphonesimulator*]" = YES;
				"INFOPLIST_KEY_UILaunchScreen_Generation[sdk=iphoneos*]" = YES;
				"INFOPLIST_KEY_UILaunchScreen_Generation[sdk=iphonesimulator*]" = YES;
				"INFOPLIST_KEY_UIStatusBarStyle[sdk=iphoneos*]" = UIStatusBarStyleDefault;
				"INFOPLIST_KEY_UIStatusBarStyle[sdk=iphonesimulator*]" = UIStatusBarStyleDefault;
				INFOPLIST_KEY_UISupportedInterfaceOrientations_iPad = "UIInterfaceOrientationPortrait UIInterfaceOrientationPortraitUpsideDown UIInterfaceOrientationLandscapeLeft UIInterfaceOrientationLandscapeRight";
				INFOPLIST_KEY_UISupportedInterfaceOrientations_iPhone = "UIInterfaceOrientationPortrait UIInterfaceOrientationLandscapeLeft UIInterfaceOrientationLandscapeRight";
				IPHONEOS_DEPLOYMENT_TARGET = 17.2;
				LD_RUNPATH_SEARCH_PATHS = "@executable_path/Frameworks";
				"LD_RUNPATH_SEARCH_PATHS[sdk=macosx*]" = "@executable_path/../Frameworks";
				MACOSX_DEPLOYMENT_TARGET = 14.0;
				MARKETING_VERSION = 1.0;
				PRODUCT_BUNDLE_IDENTIFIER = "a.AppStore-Demo";
				PRODUCT_NAME = "$(TARGET_NAME)";
				SDKROOT = auto;
				SUPPORTED_PLATFORMS = "iphoneos iphonesimulator macosx";
				SWIFT_EMIT_LOC_STRINGS = YES;
				SWIFT_VERSION = 5.0;
				TARGETED_DEVICE_FAMILY = "1,2";
			};
			name = Debug;
		};
		FA5519822B687D2B00CE86BA /* Release */ = {
			isa = XCBuildConfiguration;
			buildSettings = {
				ASSETCATALOG_COMPILER_APPICON_NAME = AppIcon;
				ASSETCATALOG_COMPILER_GLOBAL_ACCENT_COLOR_NAME = AccentColor;
				CODE_SIGN_ENTITLEMENTS = "AppStore-Demo/AppStore_Demo.entitlements";
				CODE_SIGN_STYLE = Automatic;
				CURRENT_PROJECT_VERSION = 1;
				DEVELOPMENT_ASSET_PATHS = "\"AppStore-Demo/Preview Content\"";
				ENABLE_PREVIEWS = YES;
				GENERATE_INFOPLIST_FILE = YES;
				"INFOPLIST_KEY_UIApplicationSceneManifest_Generation[sdk=iphoneos*]" = YES;
				"INFOPLIST_KEY_UIApplicationSceneManifest_Generation[sdk=iphonesimulator*]" = YES;
				"INFOPLIST_KEY_UIApplicationSupportsIndirectInputEvents[sdk=iphoneos*]" = YES;
				"INFOPLIST_KEY_UIApplicationSupportsIndirectInputEvents[sdk=iphonesimulator*]" = YES;
				"INFOPLIST_KEY_UILaunchScreen_Generation[sdk=iphoneos*]" = YES;
				"INFOPLIST_KEY_UILaunchScreen_Generation[sdk=iphonesimulator*]" = YES;
				"INFOPLIST_KEY_UIStatusBarStyle[sdk=iphoneos*]" = UIStatusBarStyleDefault;
				"INFOPLIST_KEY_UIStatusBarStyle[sdk=iphonesimulator*]" = UIStatusBarStyleDefault;
				INFOPLIST_KEY_UISupportedInterfaceOrientations_iPad = "UIInterfaceOrientationPortrait UIInterfaceOrientationPortraitUpsideDown UIInterfaceOrientationLandscapeLeft UIInterfaceOrientationLandscapeRight";
				INFOPLIST_KEY_UISupportedInterfaceOrientations_iPhone = "UIInterfaceOrientationPortrait UIInterfaceOrientationLandscapeLeft UIInterfaceOrientationLandscapeRight";
				IPHONEOS_DEPLOYMENT_TARGET = 17.2;
				LD_RUNPATH_SEARCH_PATHS = "@executable_path/Frameworks";
				"LD_RUNPATH_SEARCH_PATHS[sdk=macosx*]" = "@executable_path/../Frameworks";
				MACOSX_DEPLOYMENT_TARGET = 14.0;
				MARKETING_VERSION = 1.0;
				PRODUCT_BUNDLE_IDENTIFIER = "a.AppStore-Demo";
				PRODUCT_NAME = "$(TARGET_NAME)";
				SDKROOT = auto;
				SUPPORTED_PLATFORMS = "iphoneos iphonesimulator macosx";
				SWIFT_EMIT_LOC_STRINGS = YES;
				SWIFT_VERSION = 5.0;
				TARGETED_DEVICE_FAMILY = "1,2";
			};
			name = Release;
		};
		FA5519842B687D2B00CE86BA /* Debug */ = {
			isa = XCBuildConfiguration;
			buildSettings = {
				ALWAYS_EMBED_SWIFT_STANDARD_LIBRARIES = YES;
				BUNDLE_LOADER = "$(TEST_HOST)";
				CODE_SIGN_STYLE = Automatic;
				CURRENT_PROJECT_VERSION = 1;
				GENERATE_INFOPLIST_FILE = YES;
				IPHONEOS_DEPLOYMENT_TARGET = 17.2;
				MACOSX_DEPLOYMENT_TARGET = 14.2;
				MARKETING_VERSION = 1.0;
				PRODUCT_BUNDLE_IDENTIFIER = "a.AppStore-DemoTests";
				PRODUCT_NAME = "$(TARGET_NAME)";
				SDKROOT = auto;
				SUPPORTED_PLATFORMS = "iphoneos iphonesimulator macosx";
				SWIFT_EMIT_LOC_STRINGS = NO;
				SWIFT_VERSION = 5.0;
				TARGETED_DEVICE_FAMILY = "1,2";
				TEST_HOST = "$(BUILT_PRODUCTS_DIR)/AppStore-Demo.app/$(BUNDLE_EXECUTABLE_FOLDER_PATH)/AppStore-Demo";
			};
			name = Debug;
		};
		FA5519852B687D2B00CE86BA /* Release */ = {
			isa = XCBuildConfiguration;
			buildSettings = {
				ALWAYS_EMBED_SWIFT_STANDARD_LIBRARIES = YES;
				BUNDLE_LOADER = "$(TEST_HOST)";
				CODE_SIGN_STYLE = Automatic;
				CURRENT_PROJECT_VERSION = 1;
				GENERATE_INFOPLIST_FILE = YES;
				IPHONEOS_DEPLOYMENT_TARGET = 17.2;
				MACOSX_DEPLOYMENT_TARGET = 14.2;
				MARKETING_VERSION = 1.0;
				PRODUCT_BUNDLE_IDENTIFIER = "a.AppStore-DemoTests";
				PRODUCT_NAME = "$(TARGET_NAME)";
				SDKROOT = auto;
				SUPPORTED_PLATFORMS = "iphoneos iphonesimulator macosx";
				SWIFT_EMIT_LOC_STRINGS = NO;
				SWIFT_VERSION = 5.0;
				TARGETED_DEVICE_FAMILY = "1,2";
				TEST_HOST = "$(BUILT_PRODUCTS_DIR)/AppStore-Demo.app/$(BUNDLE_EXECUTABLE_FOLDER_PATH)/AppStore-Demo";
			};
			name = Release;
		};
		FA5519872B687D2B00CE86BA /* Debug */ = {
			isa = XCBuildConfiguration;
			buildSettings = {
				ALWAYS_EMBED_SWIFT_STANDARD_LIBRARIES = YES;
				CODE_SIGN_STYLE = Automatic;
				CURRENT_PROJECT_VERSION = 1;
				GENERATE_INFOPLIST_FILE = YES;
				IPHONEOS_DEPLOYMENT_TARGET = 17.2;
				MACOSX_DEPLOYMENT_TARGET = 14.2;
				MARKETING_VERSION = 1.0;
				PRODUCT_BUNDLE_IDENTIFIER = "a.AppStore-DemoUITests";
				PRODUCT_NAME = "$(TARGET_NAME)";
				SDKROOT = auto;
				SUPPORTED_PLATFORMS = "iphoneos iphonesimulator macosx";
				SWIFT_EMIT_LOC_STRINGS = NO;
				SWIFT_VERSION = 5.0;
				TARGETED_DEVICE_FAMILY = "1,2";
				TEST_TARGET_NAME = "AppStore-Demo";
			};
			name = Debug;
		};
		FA5519882B687D2B00CE86BA /* Release */ = {
			isa = XCBuildConfiguration;
			buildSettings = {
				ALWAYS_EMBED_SWIFT_STANDARD_LIBRARIES = YES;
				CODE_SIGN_STYLE = Automatic;
				CURRENT_PROJECT_VERSION = 1;
				GENERATE_INFOPLIST_FILE = YES;
				IPHONEOS_DEPLOYMENT_TARGET = 17.2;
				MACOSX_DEPLOYMENT_TARGET = 14.2;
				MARKETING_VERSION = 1.0;
				PRODUCT_BUNDLE_IDENTIFIER = "a.AppStore-DemoUITests";
				PRODUCT_NAME = "$(TARGET_NAME)";
				SDKROOT = auto;
				SUPPORTED_PLATFORMS = "iphoneos iphonesimulator macosx";
				SWIFT_EMIT_LOC_STRINGS = NO;
				SWIFT_VERSION = 5.0;
				TARGETED_DEVICE_FAMILY = "1,2";
				TEST_TARGET_NAME = "AppStore-Demo";
			};
			name = Release;
		};
/* End XCBuildConfiguration section */

/* Begin XCConfigurationList section */
		FA5519542B687D2A00CE86BA /* Build configuration list for PBXProject "AppStore-Demo" */ = {
			isa = XCConfigurationList;
			buildConfigurations = (
				FA55197E2B687D2B00CE86BA /* Debug */,
				FA55197F2B687D2B00CE86BA /* Release */,
			);
			defaultConfigurationIsVisible = 0;
			defaultConfigurationName = Release;
		};
		FA5519802B687D2B00CE86BA /* Build configuration list for PBXNativeTarget "AppStore-Demo" */ = {
			isa = XCConfigurationList;
			buildConfigurations = (
				FA5519812B687D2B00CE86BA /* Debug */,
				FA5519822B687D2B00CE86BA /* Release */,
			);
			defaultConfigurationIsVisible = 0;
			defaultConfigurationName = Release;
		};
		FA5519832B687D2B00CE86BA /* Build configuration list for PBXNativeTarget "AppStore-DemoTests" */ = {
			isa = XCConfigurationList;
			buildConfigurations = (
				FA5519842B687D2B00CE86BA /* Debug */,
				FA5519852B687D2B00CE86BA /* Release */,
			);
			defaultConfigurationIsVisible = 0;
			defaultConfigurationName = Release;
		};
		FA5519862B687D2B00CE86BA /* Build configuration list for PBXNativeTarget "AppStore-DemoUITests" */ = {
			isa = XCConfigurationList;
			buildConfigurations = (
				FA5519872B687D2B00CE86BA /* Debug */,
				FA5519882B687D2B00CE86BA /* Release */,
			);
			defaultConfigurationIsVisible = 0;
			defaultConfigurationName = Release;
		};
/* End XCConfigurationList section */
	};
	rootObject = FA5519512B687D2A00CE86BA /* Project object */;
}
